// !$*UTF8*$!
{
	archiveVersion = 1;
	classes = {
	};
	objectVersion = 77;
	objects = {

/* Begin PBXBuildFile section */
		56051E2D2DD30794005F5C9B /* Alamofire in Frameworks */ = {isa = PBXBuildFile; productRef = 56051E2C2DD30794005F5C9B /* Alamofire */; };
		56AA41612DCF87E10067AAD1 /* SnapKit in Frameworks */ = {isa = PBXBuildFile; productRef = 56AA41602DCF87E10067AAD1 /* SnapKit */; };
/* End PBXBuildFile section */

/* Begin PBXContainerItemProxy section */
		56D2C58A2DCF0E6E0051297D /* PBXContainerItemProxy */ = {
			isa = PBXContainerItemProxy;
			containerPortal = 56D2C56B2DCF0E6D0051297D /* Project object */;
			proxyType = 1;
			remoteGlobalIDString = 56D2C5722DCF0E6D0051297D;
			remoteInfo = BookStore_project;
		};
		56D2C5942DCF0E6E0051297D /* PBXContainerItemProxy */ = {
			isa = PBXContainerItemProxy;
			containerPortal = 56D2C56B2DCF0E6D0051297D /* Project object */;
			proxyType = 1;
			remoteGlobalIDString = 56D2C5722DCF0E6D0051297D;
			remoteInfo = BookStore_project;
		};
/* End PBXContainerItemProxy section */

/* Begin PBXFileReference section */
		56051C6F2DCF8AE6005F5C9B /* BookStore_projectTests.xctest */ = {isa = PBXFileReference; explicitFileType = wrapper.cfbundle; includeInIndex = 0; path = BookStore_projectTests.xctest; sourceTree = BUILT_PRODUCTS_DIR; };
		56051C702DCF8AE6005F5C9B /* BookStore_projectUITests.xctest */ = {isa = PBXFileReference; explicitFileType = wrapper.cfbundle; includeInIndex = 0; path = BookStore_projectUITests.xctest; sourceTree = BUILT_PRODUCTS_DIR; };
		56AA415E2DCF87910067AAD1 /* BookStore_project.app */ = {isa = PBXFileReference; explicitFileType = wrapper.application; includeInIndex = 0; path = BookStore_project.app; sourceTree = BUILT_PRODUCTS_DIR; };
/* End PBXFileReference section */

/* Begin PBXFileSystemSynchronizedBuildFileExceptionSet section */
		56051DBF2DD069EC005F5C9B /* Exceptions for "BookStore_project" folder in "BookStore_project" target */ = {
			isa = PBXFileSystemSynchronizedBuildFileExceptionSet;
			membershipExceptions = (
				Info.plist,
			);
			target = 56D2C5722DCF0E6D0051297D /* BookStore_project */;
		};
/* End PBXFileSystemSynchronizedBuildFileExceptionSet section */

/* Begin PBXFileSystemSynchronizedRootGroup section */
		56D2C5752DCF0E6D0051297D /* BookStore_project */ = {
			isa = PBXFileSystemSynchronizedRootGroup;
			exceptions = (
				56051DBF2DD069EC005F5C9B /* Exceptions for "BookStore_project" folder in "BookStore_project" target */,
			);
			path = BookStore_project;
			sourceTree = "<group>";
		};
/* End PBXFileSystemSynchronizedRootGroup section */

/* Begin PBXFrameworksBuildPhase section */
		56D2C5702DCF0E6D0051297D /* Frameworks */ = {
			isa = PBXFrameworksBuildPhase;
			buildActionMask = 2147483647;
			files = (
				56AA41612DCF87E10067AAD1 /* SnapKit in Frameworks */,
				56051E2D2DD30794005F5C9B /* Alamofire in Frameworks */,
			);
			runOnlyForDeploymentPostprocessing = 0;
		};
		56D2C5862DCF0E6E0051297D /* Frameworks */ = {
			isa = PBXFrameworksBuildPhase;
			buildActionMask = 2147483647;
			files = (
			);
			runOnlyForDeploymentPostprocessing = 0;
		};
		56D2C5902DCF0E6E0051297D /* Frameworks */ = {
			isa = PBXFrameworksBuildPhase;
			buildActionMask = 2147483647;
			files = (
			);
			runOnlyForDeploymentPostprocessing = 0;
		};
/* End PBXFrameworksBuildPhase section */

/* Begin PBXGroup section */
		56D2C56A2DCF0E6D0051297D = {
			isa = PBXGroup;
			children = (
				56D2C5752DCF0E6D0051297D /* BookStore_project */,
				56AA415E2DCF87910067AAD1 /* BookStore_project.app */,
				56051C6F2DCF8AE6005F5C9B /* BookStore_projectTests.xctest */,
				56051C702DCF8AE6005F5C9B /* BookStore_projectUITests.xctest */,
			);
			sourceTree = "<group>";
		};
/* End PBXGroup section */

/* Begin PBXNativeTarget section */
		56D2C5722DCF0E6D0051297D /* BookStore_project */ = {
			isa = PBXNativeTarget;
			buildConfigurationList = 56D2C59C2DCF0E6E0051297D /* Build configuration list for PBXNativeTarget "BookStore_project" */;
			buildPhases = (
				56D2C56F2DCF0E6D0051297D /* Sources */,
				56D2C5702DCF0E6D0051297D /* Frameworks */,
				56D2C5712DCF0E6D0051297D /* Resources */,
			);
			buildRules = (
			);
			dependencies = (
			);
			fileSystemSynchronizedGroups = (
				56D2C5752DCF0E6D0051297D /* BookStore_project */,
			);
			name = BookStore_project;
			packageProductDependencies = (
				56AA41602DCF87E10067AAD1 /* SnapKit */,
				56051E2C2DD30794005F5C9B /* Alamofire */,
			);
			productName = BookStore_project;
			productReference = 56AA415E2DCF87910067AAD1 /* BookStore_project.app */;
			productType = "com.apple.product-type.application";
		};
		56D2C5882DCF0E6E0051297D /* BookStore_projectTests */ = {
			isa = PBXNativeTarget;
			buildConfigurationList = 56D2C5A12DCF0E6E0051297D /* Build configuration list for PBXNativeTarget "BookStore_projectTests" */;
			buildPhases = (
				56D2C5852DCF0E6E0051297D /* Sources */,
				56D2C5862DCF0E6E0051297D /* Frameworks */,
				56D2C5872DCF0E6E0051297D /* Resources */,
			);
			buildRules = (
			);
			dependencies = (
				56D2C58B2DCF0E6E0051297D /* PBXTargetDependency */,
			);
			name = BookStore_projectTests;
			packageProductDependencies = (
			);
			productName = BookStore_projectTests;
			productReference = 56051C6F2DCF8AE6005F5C9B /* BookStore_projectTests.xctest */;
			productType = "com.apple.product-type.bundle.unit-test";
		};
		56D2C5922DCF0E6E0051297D /* BookStore_projectUITests */ = {
			isa = PBXNativeTarget;
			buildConfigurationList = 56D2C5A42DCF0E6E0051297D /* Build configuration list for PBXNativeTarget "BookStore_projectUITests" */;
			buildPhases = (
				56D2C58F2DCF0E6E0051297D /* Sources */,
				56D2C5902DCF0E6E0051297D /* Frameworks */,
				56D2C5912DCF0E6E0051297D /* Resources */,
			);
			buildRules = (
			);
			dependencies = (
				56D2C5952DCF0E6E0051297D /* PBXTargetDependency */,
			);
			name = BookStore_projectUITests;
			packageProductDependencies = (
			);
			productName = BookStore_projectUITests;
			productReference = 56051C702DCF8AE6005F5C9B /* BookStore_projectUITests.xctest */;
			productType = "com.apple.product-type.bundle.ui-testing";
		};
/* End PBXNativeTarget section */

/* Begin PBXProject section */
		56D2C56B2DCF0E6D0051297D /* Project object */ = {
			isa = PBXProject;
			attributes = {
				BuildIndependentTargetsInParallel = 1;
				LastSwiftUpdateCheck = 1620;
				LastUpgradeCheck = 1620;
				TargetAttributes = {
					56D2C5722DCF0E6D0051297D = {
						CreatedOnToolsVersion = 16.2;
					};
					56D2C5882DCF0E6E0051297D = {
						CreatedOnToolsVersion = 16.2;
						TestTargetID = 56D2C5722DCF0E6D0051297D;
					};
					56D2C5922DCF0E6E0051297D = {
						CreatedOnToolsVersion = 16.2;
						TestTargetID = 56D2C5722DCF0E6D0051297D;
					};
				};
			};
			buildConfigurationList = 56D2C56E2DCF0E6D0051297D /* Build configuration list for PBXProject "BookStore_project" */;
			developmentRegion = en;
			hasScannedForEncodings = 0;
			knownRegions = (
				en,
				Base,
			);
			mainGroup = 56D2C56A2DCF0E6D0051297D;
			minimizedProjectReferenceProxies = 1;
			packageReferences = (
				56AA415F2DCF87E10067AAD1 /* XCRemoteSwiftPackageReference "SnapKit" */,
				56051E2B2DD30794005F5C9B /* XCRemoteSwiftPackageReference "Alamofire" */,
			);
			preferredProjectObjectVersion = 77;
			productRefGroup = 56D2C56A2DCF0E6D0051297D;
			projectDirPath = "";
			projectRoot = "";
			targets = (
				56D2C5722DCF0E6D0051297D /* BookStore_project */,
				56D2C5882DCF0E6E0051297D /* BookStore_projectTests */,
				56D2C5922DCF0E6E0051297D /* BookStore_projectUITests */,
			);
		};
/* End PBXProject section */

/* Begin PBXResourcesBuildPhase section */
		56D2C5712DCF0E6D0051297D /* Resources */ = {
			isa = PBXResourcesBuildPhase;
			buildActionMask = 2147483647;
			files = (
			);
			runOnlyForDeploymentPostprocessing = 0;
		};
		56D2C5872DCF0E6E0051297D /* Resources */ = {
			isa = PBXResourcesBuildPhase;
			buildActionMask = 2147483647;
			files = (
			);
			runOnlyForDeploymentPostprocessing = 0;
		};
		56D2C5912DCF0E6E0051297D /* Resources */ = {
			isa = PBXResourcesBuildPhase;
			buildActionMask = 2147483647;
			files = (
			);
			runOnlyForDeploymentPostprocessing = 0;
		};
/* End PBXResourcesBuildPhase section */

/* Begin PBXSourcesBuildPhase section */
		56D2C56F2DCF0E6D0051297D /* Sources */ = {
			isa = PBXSourcesBuildPhase;
			buildActionMask = 2147483647;
			files = (
			);
			runOnlyForDeploymentPostprocessing = 0;
		};
		56D2C5852DCF0E6E0051297D /* Sources */ = {
			isa = PBXSourcesBuildPhase;
			buildActionMask = 2147483647;
			files = (
			);
			runOnlyForDeploymentPostprocessing = 0;
		};
		56D2C58F2DCF0E6E0051297D /* Sources */ = {
			isa = PBXSourcesBuildPhase;
			buildActionMask = 2147483647;
			files = (
			);
			runOnlyForDeploymentPostprocessing = 0;
		};
/* End PBXSourcesBuildPhase section */

/* Begin PBXTargetDependency section */
		56D2C58B2DCF0E6E0051297D /* PBXTargetDependency */ = {
			isa = PBXTargetDependency;
			target = 56D2C5722DCF0E6D0051297D /* BookStore_project */;
			targetProxy = 56D2C58A2DCF0E6E0051297D /* PBXContainerItemProxy */;
		};
		56D2C5952DCF0E6E0051297D /* PBXTargetDependency */ = {
			isa = PBXTargetDependency;
			target = 56D2C5722DCF0E6D0051297D /* BookStore_project */;
			targetProxy = 56D2C5942DCF0E6E0051297D /* PBXContainerItemProxy */;
		};
/* End PBXTargetDependency section */

/* Begin XCBuildConfiguration section */
		56D2C59D2DCF0E6E0051297D /* Debug */ = {
			isa = XCBuildConfiguration;
			buildSettings = {
				ASSETCATALOG_COMPILER_APPICON_NAME = AppIcon;
				ASSETCATALOG_COMPILER_GLOBAL_ACCENT_COLOR_NAME = AccentColor;
				CODE_SIGN_STYLE = Automatic;
				CURRENT_PROJECT_VERSION = 1;
				GENERATE_INFOPLIST_FILE = YES;
				INFOPLIST_FILE = BookStore_project/Info.plist;
				INFOPLIST_KEY_UIApplicationSupportsIndirectInputEvents = YES;
				INFOPLIST_KEY_UILaunchStoryboardName = LaunchScreen;
				INFOPLIST_KEY_UISupportedInterfaceOrientations_iPad = "UIInterfaceOrientationPortrait UIInterfaceOrientationPortraitUpsideDown UIInterfaceOrientationLandscapeLeft UIInterfaceOrientationLandscapeRight";
				INFOPLIST_KEY_UISupportedInterfaceOrientations_iPhone = "UIInterfaceOrientationPortrait UIInterfaceOrientationLandscapeLeft UIInterfaceOrientationLandscapeRight";
				LD_RUNPATH_SEARCH_PATHS = (
					"$(inherited)",
					"@executable_path/Frameworks",
				);
				MARKETING_VERSION = 1.0;
				PRODUCT_BUNDLE_IDENTIFIER = "com.sophie.BookStore-project";
				PRODUCT_NAME = "$(TARGET_NAME)";
				SWIFT_EMIT_LOC_STRINGS = YES;
				SWIFT_VERSION = 5.0;
				TARGETED_DEVICE_FAMILY = "1,2";
			};
			name = Debug;
		};
		56D2C59E2DCF0E6E0051297D /* Release */ = {
			isa = XCBuildConfiguration;
			buildSettings = {
				ASSETCATALOG_COMPILER_APPICON_NAME = AppIcon;
				ASSETCATALOG_COMPILER_GLOBAL_ACCENT_COLOR_NAME = AccentColor;
				CODE_SIGN_STYLE = Automatic;
				CURRENT_PROJECT_VERSION = 1;
				GENERATE_INFOPLIST_FILE = YES;
				INFOPLIST_FILE = BookStore_project/Info.plist;
				INFOPLIST_KEY_UIApplicationSupportsIndirectInputEvents = YES;
				INFOPLIST_KEY_UILaunchStoryboardName = LaunchScreen;
				INFOPLIST_KEY_UISupportedInterfaceOrientations_iPad = "UIInterfaceOrientationPortrait UIInterfaceOrientationPortraitUpsideDown UIInterfaceOrientationLandscapeLeft UIInterfaceOrientationLandscapeRight";
				INFOPLIST_KEY_UISupportedInterfaceOrientations_iPhone = "UIInterfaceOrientationPortrait UIInterfaceOrientationLandscapeLeft UIInterfaceOrientationLandscapeRight";
				LD_RUNPATH_SEARCH_PATHS = (
					"$(inherited)",
					"@executable_path/Frameworks",
				);
				MARKETING_VERSION = 1.0;
				PRODUCT_BUNDLE_IDENTIFIER = "com.sophie.BookStore-project";
				PRODUCT_NAME = "$(TARGET_NAME)";
				SWIFT_EMIT_LOC_STRINGS = YES;
				SWIFT_VERSION = 5.0;
				TARGETED_DEVICE_FAMILY = "1,2";
			};
			name = Release;
		};
		56D2C59F2DCF0E6E0051297D /* Debug */ = {
			isa = XCBuildConfiguration;
			buildSettings = {
				ALWAYS_SEARCH_USER_PATHS = NO;
				ASSETCATALOG_COMPILER_GENERATE_SWIFT_ASSET_SYMBOL_EXTENSIONS = YES;
				CLANG_ANALYZER_NONNULL = YES;
				CLANG_ANALYZER_NUMBER_OBJECT_CONVERSION = YES_AGGRESSIVE;
				CLANG_CXX_LANGUAGE_STANDARD = "gnu++20";
				CLANG_ENABLE_MODULES = YES;
				CLANG_ENABLE_OBJC_ARC = YES;
				CLANG_ENABLE_OBJC_WEAK = YES;
				CLANG_WARN_BLOCK_CAPTURE_AUTORELEASING = YES;
				CLANG_WARN_BOOL_CONVERSION = YES;
				CLANG_WARN_COMMA = YES;
				CLANG_WARN_CONSTANT_CONVERSION = YES;
				CLANG_WARN_DEPRECATED_OBJC_IMPLEMENTATIONS = YES;
				CLANG_WARN_DIRECT_OBJC_ISA_USAGE = YES_ERROR;
				CLANG_WARN_DOCUMENTATION_COMMENTS = YES;
				CLANG_WARN_EMPTY_BODY = YES;
				CLANG_WARN_ENUM_CONVERSION = YES;
				CLANG_WARN_INFINITE_RECURSION = YES;
				CLANG_WARN_INT_CONVERSION = YES;
				CLANG_WARN_NON_LITERAL_NULL_CONVERSION = YES;
				CLANG_WARN_OBJC_IMPLICIT_RETAIN_SELF = YES;
				CLANG_WARN_OBJC_LITERAL_CONVERSION = YES;
				CLANG_WARN_OBJC_ROOT_CLASS = YES_ERROR;
				CLANG_WARN_QUOTED_INCLUDE_IN_FRAMEWORK_HEADER = YES;
				CLANG_WARN_RANGE_LOOP_ANALYSIS = YES;
				CLANG_WARN_STRICT_PROTOTYPES = YES;
				CLANG_WARN_SUSPICIOUS_MOVE = YES;
				CLANG_WARN_UNGUARDED_AVAILABILITY = YES_AGGRESSIVE;
				CLANG_WARN_UNREACHABLE_CODE = YES;
				CLANG_WARN__DUPLICATE_METHOD_MATCH = YES;
				COPY_PHASE_STRIP = NO;
				DEBUG_INFORMATION_FORMAT = dwarf;
				ENABLE_STRICT_OBJC_MSGSEND = YES;
				ENABLE_TESTABILITY = YES;
				ENABLE_USER_SCRIPT_SANDBOXING = YES;
				GCC_C_LANGUAGE_STANDARD = gnu17;
				GCC_DYNAMIC_NO_PIC = NO;
				GCC_NO_COMMON_BLOCKS = YES;
				GCC_OPTIMIZATION_LEVEL = 0;
				GCC_PREPROCESSOR_DEFINITIONS = (
					"DEBUG=1",
					"$(inherited)",
				);
				GCC_WARN_64_TO_32_BIT_CONVERSION = YES;
				GCC_WARN_ABOUT_RETURN_TYPE = YES_ERROR;
				GCC_WARN_UNDECLARED_SELECTOR = YES;
				GCC_WARN_UNINITIALIZED_AUTOS = YES_AGGRESSIVE;
				GCC_WARN_UNUSED_FUNCTION = YES;
				GCC_WARN_UNUSED_VARIABLE = YES;
				IPHONEOS_DEPLOYMENT_TARGET = 18.2;
				LOCALIZATION_PREFERS_STRING_CATALOGS = YES;
				MTL_ENABLE_DEBUG_INFO = INCLUDE_SOURCE;
				MTL_FAST_MATH = YES;
				ONLY_ACTIVE_ARCH = YES;
				SDKROOT = iphoneos;
				SWIFT_ACTIVE_COMPILATION_CONDITIONS = "DEBUG $(inherited)";
				SWIFT_OPTIMIZATION_LEVEL = "-Onone";
			};
			name = Debug;
		};
		56D2C5A02DCF0E6E0051297D /* Release */ = {
			isa = XCBuildConfiguration;
			buildSettings = {
				ALWAYS_SEARCH_USER_PATHS = NO;
				ASSETCATALOG_COMPILER_GENERATE_SWIFT_ASSET_SYMBOL_EXTENSIONS = YES;
				CLANG_ANALYZER_NONNULL = YES;
				CLANG_ANALYZER_NUMBER_OBJECT_CONVERSION = YES_AGGRESSIVE;
				CLANG_CXX_LANGUAGE_STANDARD = "gnu++20";
				CLANG_ENABLE_MODULES = YES;
				CLANG_ENABLE_OBJC_ARC = YES;
				CLANG_ENABLE_OBJC_WEAK = YES;
				CLANG_WARN_BLOCK_CAPTURE_AUTORELEASING = YES;
				CLANG_WARN_BOOL_CONVERSION = YES;
				CLANG_WARN_COMMA = YES;
				CLANG_WARN_CONSTANT_CONVERSION = YES;
				CLANG_WARN_DEPRECATED_OBJC_IMPLEMENTATIONS = YES;
				CLANG_WARN_DIRECT_OBJC_ISA_USAGE = YES_ERROR;
				CLANG_WARN_DOCUMENTATION_COMMENTS = YES;
				CLANG_WARN_EMPTY_BODY = YES;
				CLANG_WARN_ENUM_CONVERSION = YES;
				CLANG_WARN_INFINITE_RECURSION = YES;
				CLANG_WARN_INT_CONVERSION = YES;
				CLANG_WARN_NON_LITERAL_NULL_CONVERSION = YES;
				CLANG_WARN_OBJC_IMPLICIT_RETAIN_SELF = YES;
				CLANG_WARN_OBJC_LITERAL_CONVERSION = YES;
				CLANG_WARN_OBJC_ROOT_CLASS = YES_ERROR;
				CLANG_WARN_QUOTED_INCLUDE_IN_FRAMEWORK_HEADER = YES;
				CLANG_WARN_RANGE_LOOP_ANALYSIS = YES;
				CLANG_WARN_STRICT_PROTOTYPES = YES;
				CLANG_WARN_SUSPICIOUS_MOVE = YES;
				CLANG_WARN_UNGUARDED_AVAILABILITY = YES_AGGRESSIVE;
				CLANG_WARN_UNREACHABLE_CODE = YES;
				CLANG_WARN__DUPLICATE_METHOD_MATCH = YES;
				COPY_PHASE_STRIP = NO;
				DEBUG_INFORMATION_FORMAT = "dwarf-with-dsym";
				ENABLE_NS_ASSERTIONS = NO;
				ENABLE_STRICT_OBJC_MSGSEND = YES;
				ENABLE_USER_SCRIPT_SANDBOXING = YES;
				GCC_C_LANGUAGE_STANDARD = gnu17;
				GCC_NO_COMMON_BLOCKS = YES;
				GCC_WARN_64_TO_32_BIT_CONVERSION = YES;
				GCC_WARN_ABOUT_RETURN_TYPE = YES_ERROR;
				GCC_WARN_UNDECLARED_SELECTOR = YES;
				GCC_WARN_UNINITIALIZED_AUTOS = YES_AGGRESSIVE;
				GCC_WARN_UNUSED_FUNCTION = YES;
				GCC_WARN_UNUSED_VARIABLE = YES;
				IPHONEOS_DEPLOYMENT_TARGET = 18.2;
				LOCALIZATION_PREFERS_STRING_CATALOGS = YES;
				MTL_ENABLE_DEBUG_INFO = NO;
				MTL_FAST_MATH = YES;
				SDKROOT = iphoneos;
				SWIFT_COMPILATION_MODE = wholemodule;
				VALIDATE_PRODUCT = YES;
			};
			name = Release;
		};
		56D2C5A22DCF0E6E0051297D /* Debug */ = {
			isa = XCBuildConfiguration;
			buildSettings = {
				BUNDLE_LOADER = "$(TEST_HOST)";
				CODE_SIGN_STYLE = Automatic;
				CURRENT_PROJECT_VERSION = 1;
				GENERATE_INFOPLIST_FILE = YES;
				IPHONEOS_DEPLOYMENT_TARGET = 18.2;
				MARKETING_VERSION = 1.0;
				PRODUCT_BUNDLE_IDENTIFIER = "com.sophie.BookStore-projectTests";
				PRODUCT_NAME = "$(TARGET_NAME)";
				SWIFT_EMIT_LOC_STRINGS = NO;
				SWIFT_VERSION = 5.0;
				TARGETED_DEVICE_FAMILY = "1,2";
				TEST_HOST = "$(BUILT_PRODUCTS_DIR)/BookStore_project.app/$(BUNDLE_EXECUTABLE_FOLDER_PATH)/BookStore_project";
			};
			name = Debug;
		};
		56D2C5A32DCF0E6E0051297D /* Release */ = {
			isa = XCBuildConfiguration;
			buildSettings = {
				BUNDLE_LOADER = "$(TEST_HOST)";
				CODE_SIGN_STYLE = Automatic;
				CURRENT_PROJECT_VERSION = 1;
				GENERATE_INFOPLIST_FILE = YES;
				IPHONEOS_DEPLOYMENT_TARGET = 18.2;
				MARKETING_VERSION = 1.0;
				PRODUCT_BUNDLE_IDENTIFIER = "com.sophie.BookStore-projectTests";
				PRODUCT_NAME = "$(TARGET_NAME)";
				SWIFT_EMIT_LOC_STRINGS = NO;
				SWIFT_VERSION = 5.0;
				TARGETED_DEVICE_FAMILY = "1,2";
				TEST_HOST = "$(BUILT_PRODUCTS_DIR)/BookStore_project.app/$(BUNDLE_EXECUTABLE_FOLDER_PATH)/BookStore_project";
			};
			name = Release;
		};
		56D2C5A52DCF0E6E0051297D /* Debug */ = {
			isa = XCBuildConfiguration;
			buildSettings = {
				CODE_SIGN_STYLE = Automatic;
				CURRENT_PROJECT_VERSION = 1;
				GENERATE_INFOPLIST_FILE = YES;
				MARKETING_VERSION = 1.0;
				PRODUCT_BUNDLE_IDENTIFIER = "com.sophie.BookStore-projectUITests";
				PRODUCT_NAME = "$(TARGET_NAME)";
				SWIFT_EMIT_LOC_STRINGS = NO;
				SWIFT_VERSION = 5.0;
				TARGETED_DEVICE_FAMILY = "1,2";
				TEST_TARGET_NAME = BookStore_project;
			};
			name = Debug;
		};
		56D2C5A62DCF0E6E0051297D /* Release */ = {
			isa = XCBuildConfiguration;
			buildSettings = {
				CODE_SIGN_STYLE = Automatic;
				CURRENT_PROJECT_VERSION = 1;
				GENERATE_INFOPLIST_FILE = YES;
				MARKETING_VERSION = 1.0;
				PRODUCT_BUNDLE_IDENTIFIER = "com.sophie.BookStore-projectUITests";
				PRODUCT_NAME = "$(TARGET_NAME)";
				SWIFT_EMIT_LOC_STRINGS = NO;
				SWIFT_VERSION = 5.0;
				TARGETED_DEVICE_FAMILY = "1,2";
				TEST_TARGET_NAME = BookStore_project;
			};
			name = Release;
		};
/* End XCBuildConfiguration section */

/* Begin XCConfigurationList section */
		56D2C56E2DCF0E6D0051297D /* Build configuration list for PBXProject "BookStore_project" */ = {
			isa = XCConfigurationList;
			buildConfigurations = (
				56D2C59F2DCF0E6E0051297D /* Debug */,
				56D2C5A02DCF0E6E0051297D /* Release */,
			);
			defaultConfigurationIsVisible = 0;
			defaultConfigurationName = Release;
		};
		56D2C59C2DCF0E6E0051297D /* Build configuration list for PBXNativeTarget "BookStore_project" */ = {
			isa = XCConfigurationList;
			buildConfigurations = (
				56D2C59D2DCF0E6E0051297D /* Debug */,
				56D2C59E2DCF0E6E0051297D /* Release */,
			);
			defaultConfigurationIsVisible = 0;
			defaultConfigurationName = Release;
		};
		56D2C5A12DCF0E6E0051297D /* Build configuration list for PBXNativeTarget "BookStore_projectTests" */ = {
			isa = XCConfigurationList;
			buildConfigurations = (
				56D2C5A22DCF0E6E0051297D /* Debug */,
				56D2C5A32DCF0E6E0051297D /* Release */,
			);
			defaultConfigurationIsVisible = 0;
			defaultConfigurationName = Release;
		};
		56D2C5A42DCF0E6E0051297D /* Build configuration list for PBXNativeTarget "BookStore_projectUITests" */ = {
			isa = XCConfigurationList;
			buildConfigurations = (
				56D2C5A52DCF0E6E0051297D /* Debug */,
				56D2C5A62DCF0E6E0051297D /* Release */,
			);
			defaultConfigurationIsVisible = 0;
			defaultConfigurationName = Release;
		};
/* End XCConfigurationList section */

/* Begin XCRemoteSwiftPackageReference section */
		56051E2B2DD30794005F5C9B /* XCRemoteSwiftPackageReference "Alamofire" */ = {
			isa = XCRemoteSwiftPackageReference;
			repositoryURL = "https://github.com/Alamofire/Alamofire";
			requirement = {
				kind = upToNextMajorVersion;
				minimumVersion = 5.10.2;
			};
		};
		56AA415F2DCF87E10067AAD1 /* XCRemoteSwiftPackageReference "SnapKit" */ = {
			isa = XCRemoteSwiftPackageReference;
			repositoryURL = "https://github.com/SnapKit/SnapKit.git";
			requirement = {
				kind = upToNextMajorVersion;
				minimumVersion = 5.7.1;
			};
		};
/* End XCRemoteSwiftPackageReference section */

/* Begin XCSwiftPackageProductDependency section */
		56051E2C2DD30794005F5C9B /* Alamofire */ = {
			isa = XCSwiftPackageProductDependency;
			package = 56051E2B2DD30794005F5C9B /* XCRemoteSwiftPackageReference "Alamofire" */;
			productName = Alamofire;
		};
		56AA41602DCF87E10067AAD1 /* SnapKit */ = {
			isa = XCSwiftPackageProductDependency;
			package = 56AA415F2DCF87E10067AAD1 /* XCRemoteSwiftPackageReference "SnapKit" */;
			productName = SnapKit;
		};
/* End XCSwiftPackageProductDependency section */
	};
	rootObject = 56D2C56B2DCF0E6D0051297D /* Project object */;
}
